
Microsoft Visual Studio Solution File, Format Version 12.00
# Visual Studio 15
VisualStudioVersion = 15.0.28307.1082
MinimumVisualStudioVersion = 10.0.40219.1
Project("{FAE04EC0-301F-11D3-BF4B-00C04F79EFBC}") = "githubLesson", "githubLesson\githubLesson.csproj", "{BC7D6B61-7811-4F2D-8036-1C8DCB2AF56F}"
EndProject
Global
	GlobalSection(SolutionConfigurationPlatforms) = preSolution
		Debug|Any CPU = Debug|Any CPU
		Release|Any CPU = Release|Any CPU
	EndGlobalSection
	GlobalSection(ProjectConfigurationPlatforms) = postSolution
		{BC7D6B61-7811-4F2D-8036-1C8DCB2AF56F}.Debug|Any CPU.ActiveCfg = Debug|Any CPU
		{BC7D6B61-7811-4F2D-8036-1C8DCB2AF56F}.Debug|Any CPU.Build.0 = Debug|Any CPU
		{BC7D6B61-7811-4F2D-8036-1C8DCB2AF56F}.Release|Any CPU.ActiveCfg = Release|Any CPU
		{BC7D6B61-7811-4F2D-8036-1C8DCB2AF56F}.Release|Any CPU.Build.0 = Release|Any CPU
	EndGlobalSection
	GlobalSection(SolutionProperties) = preSolution
		HideSolutionNode = FALSE
	EndGlobalSection
	GlobalSection(ExtensibilityGlobals) = postSolution
		SolutionGuid = {FC5CDAC7-E3DC-4A12-84CC-D14DB2DE197F}
	EndGlobalSection
EndGlobal
